// !$*UTF8*$!
{
	archiveVersion = 1;
	classes = {
	};
	objectVersion = 46;
	objects = {

/* Begin PBXBuildFile section */
		DF086F54133FE2B400240683 /* UnRARParsingUtils.m in Sources */ = {isa = PBXBuildFile; fileRef = DF086F53133FE2B400240683 /* UnRARParsingUtils.m */; };
		DF118D7D13401F0C00435C14 /* unrar.icns in Resources */ = {isa = PBXBuildFile; fileRef = DF118D7C13401F0C00435C14 /* unrar.icns */; };
		DFD69E19133F9EB700EC2C70 /* Cocoa.framework in Frameworks */ = {isa = PBXBuildFile; fileRef = DFD69E18133F9EB700EC2C70 /* Cocoa.framework */; };
		DFD69E23133F9EB700EC2C70 /* InfoPlist.strings in Resources */ = {isa = PBXBuildFile; fileRef = DFD69E21133F9EB700EC2C70 /* InfoPlist.strings */; };
		DFD69E26133F9EB700EC2C70 /* main.m in Sources */ = {isa = PBXBuildFile; fileRef = DFD69E25133F9EB700EC2C70 /* main.m */; };
		DFD69E29133F9EB700EC2C70 /* Credits.rtf in Resources */ = {isa = PBXBuildFile; fileRef = DFD69E27133F9EB700EC2C70 /* Credits.rtf */; };
		DFD69E2C133F9EB700EC2C70 /* GeeUnRARAppDelegate.m in Sources */ = {isa = PBXBuildFile; fileRef = DFD69E2B133F9EB700EC2C70 /* GeeUnRARAppDelegate.m */; };
		DFD69E36133F9EB800EC2C70 /* Cocoa.framework in Frameworks */ = {isa = PBXBuildFile; fileRef = DFD69E18133F9EB700EC2C70 /* Cocoa.framework */; };
		DFD69E3E133F9EB800EC2C70 /* InfoPlist.strings in Resources */ = {isa = PBXBuildFile; fileRef = DFD69E3C133F9EB800EC2C70 /* InfoPlist.strings */; };
		DFD69E41133F9EB800EC2C70 /* GeeUnRARTests.h in Resources */ = {isa = PBXBuildFile; fileRef = DFD69E40133F9EB800EC2C70 /* GeeUnRARTests.h */; };
		DFD69E43133F9EB800EC2C70 /* GeeUnRARTests.m in Sources */ = {isa = PBXBuildFile; fileRef = DFD69E42133F9EB800EC2C70 /* GeeUnRARTests.m */; };
		DFD69E4D133F9F9E00EC2C70 /* ExtractionWindow.xib in Resources */ = {isa = PBXBuildFile; fileRef = DFD69E4C133F9F9E00EC2C70 /* ExtractionWindow.xib */; };
		DFD69E52133FB5F600EC2C70 /* ExtractionWindowController.m in Sources */ = {isa = PBXBuildFile; fileRef = DFD69E51133FB5F600EC2C70 /* ExtractionWindowController.m */; };
		DFD69E55133FC79D00EC2C70 /* unrar in Resources */ = {isa = PBXBuildFile; fileRef = DFD69E54133FC79D00EC2C70 /* unrar */; };
		DFD69E57133FD95000EC2C70 /* MainMenu.xib in Resources */ = {isa = PBXBuildFile; fileRef = DFD69E56133FD95000EC2C70 /* MainMenu.xib */; };
/* End PBXBuildFile section */

/* Begin PBXContainerItemProxy section */
		DFD69E37133F9EB800EC2C70 /* PBXContainerItemProxy */ = {
			isa = PBXContainerItemProxy;
			containerPortal = DFD69E0B133F9EB600EC2C70 /* Project object */;
			proxyType = 1;
			remoteGlobalIDString = DFD69E13133F9EB700EC2C70;
			remoteInfo = GeeUnRAR;
		};
/* End PBXContainerItemProxy section */

/* Begin PBXFileReference section */
		DF086F52133FE2B400240683 /* UnRARParsingUtils.h */ = {isa = PBXFileReference; fileEncoding = 4; lastKnownFileType = sourcecode.c.h; path = UnRARParsingUtils.h; sourceTree = "<group>"; };
		DF086F53133FE2B400240683 /* UnRARParsingUtils.m */ = {isa = PBXFileReference; fileEncoding = 4; lastKnownFileType = sourcecode.c.objc; path = UnRARParsingUtils.m; sourceTree = "<group>"; };
		DF118D7C13401F0C00435C14 /* unrar.icns */ = {isa = PBXFileReference; lastKnownFileType = image.icns; name = unrar.icns; path = GeeUnRARTests/unrar.icns; sourceTree = SOURCE_ROOT; };
		DFD69E14133F9EB700EC2C70 /* GeeUnRAR.app */ = {isa = PBXFileReference; explicitFileType = wrapper.application; includeInIndex = 0; path = GeeUnRAR.app; sourceTree = BUILT_PRODUCTS_DIR; };
		DFD69E18133F9EB700EC2C70 /* Cocoa.framework */ = {isa = PBXFileReference; lastKnownFileType = wrapper.framework; name = Cocoa.framework; path = System/Library/Frameworks/Cocoa.framework; sourceTree = SDKROOT; };
		DFD69E1B133F9EB700EC2C70 /* AppKit.framework */ = {isa = PBXFileReference; lastKnownFileType = wrapper.framework; name = AppKit.framework; path = System/Library/Frameworks/AppKit.framework; sourceTree = SDKROOT; };
		DFD69E1C133F9EB700EC2C70 /* CoreData.framework */ = {isa = PBXFileReference; lastKnownFileType = wrapper.framework; name = CoreData.framework; path = System/Library/Frameworks/CoreData.framework; sourceTree = SDKROOT; };
		DFD69E1D133F9EB700EC2C70 /* Foundation.framework */ = {isa = PBXFileReference; lastKnownFileType = wrapper.framework; name = Foundation.framework; path = System/Library/Frameworks/Foundation.framework; sourceTree = SDKROOT; };
		DFD69E20133F9EB700EC2C70 /* GeeUnRAR-Info.plist */ = {isa = PBXFileReference; lastKnownFileType = text.plist.xml; path = "GeeUnRAR-Info.plist"; sourceTree = "<group>"; };
		DFD69E22133F9EB700EC2C70 /* en */ = {isa = PBXFileReference; lastKnownFileType = text.plist.strings; name = en; path = en.lproj/InfoPlist.strings; sourceTree = "<group>"; };
		DFD69E24133F9EB700EC2C70 /* GeeUnRAR-Prefix.pch */ = {isa = PBXFileReference; lastKnownFileType = sourcecode.c.h; path = "GeeUnRAR-Prefix.pch"; sourceTree = "<group>"; };
		DFD69E25133F9EB700EC2C70 /* main.m */ = {isa = PBXFileReference; lastKnownFileType = sourcecode.c.objc; path = main.m; sourceTree = "<group>"; };
		DFD69E28133F9EB700EC2C70 /* en */ = {isa = PBXFileReference; lastKnownFileType = text.rtf; name = en; path = en.lproj/Credits.rtf; sourceTree = "<group>"; };
		DFD69E2A133F9EB700EC2C70 /* GeeUnRARAppDelegate.h */ = {isa = PBXFileReference; lastKnownFileType = sourcecode.c.h; path = GeeUnRARAppDelegate.h; sourceTree = "<group>"; };
		DFD69E2B133F9EB700EC2C70 /* GeeUnRARAppDelegate.m */ = {isa = PBXFileReference; lastKnownFileType = sourcecode.c.objc; path = GeeUnRARAppDelegate.m; sourceTree = "<group>"; };
		DFD69E35133F9EB800EC2C70 /* GeeUnRARTests.octest */ = {isa = PBXFileReference; explicitFileType = wrapper.cfbundle; includeInIndex = 0; path = GeeUnRARTests.octest; sourceTree = BUILT_PRODUCTS_DIR; };
		DFD69E3B133F9EB800EC2C70 /* GeeUnRARTests-Info.plist */ = {isa = PBXFileReference; lastKnownFileType = text.plist.xml; path = "GeeUnRARTests-Info.plist"; sourceTree = "<group>"; };
		DFD69E3D133F9EB800EC2C70 /* en */ = {isa = PBXFileReference; lastKnownFileType = text.plist.strings; name = en; path = en.lproj/InfoPlist.strings; sourceTree = "<group>"; };
		DFD69E3F133F9EB800EC2C70 /* GeeUnRARTests-Prefix.pch */ = {isa = PBXFileReference; lastKnownFileType = sourcecode.c.h; path = "GeeUnRARTests-Prefix.pch"; sourceTree = "<group>"; };
		DFD69E40133F9EB800EC2C70 /* GeeUnRARTests.h */ = {isa = PBXFileReference; lastKnownFileType = sourcecode.c.h; path = GeeUnRARTests.h; sourceTree = "<group>"; };
		DFD69E42133F9EB800EC2C70 /* GeeUnRARTests.m */ = {isa = PBXFileReference; lastKnownFileType = sourcecode.c.objc; path = GeeUnRARTests.m; sourceTree = "<group>"; };
		DFD69E4C133F9F9E00EC2C70 /* ExtractionWindow.xib */ = {isa = PBXFileReference; fileEncoding = 4; lastKnownFileType = file.xib; path = ExtractionWindow.xib; sourceTree = "<group>"; };
		DFD69E50133FB5F600EC2C70 /* ExtractionWindowController.h */ = {isa = PBXFileReference; fileEncoding = 4; lastKnownFileType = sourcecode.c.h; path = ExtractionWindowController.h; sourceTree = "<group>"; };
		DFD69E51133FB5F600EC2C70 /* ExtractionWindowController.m */ = {isa = PBXFileReference; fileEncoding = 4; lastKnownFileType = sourcecode.c.objc; path = ExtractionWindowController.m; sourceTree = "<group>"; };
		DFD69E54133FC79D00EC2C70 /* unrar */ = {isa = PBXFileReference; lastKnownFileType = "compiled.mach-o.executable"; path = unrar; sourceTree = "<group>"; };
		DFD69E56133FD95000EC2C70 /* MainMenu.xib */ = {isa = PBXFileReference; fileEncoding = 4; lastKnownFileType = file.xib; path = MainMenu.xib; sourceTree = "<group>"; };
/* End PBXFileReference section */

/* Begin PBXFrameworksBuildPhase section */
		DFD69E11133F9EB700EC2C70 /* Frameworks */ = {
			isa = PBXFrameworksBuildPhase;
			buildActionMask = 2147483647;
			files = (
				DFD69E19133F9EB700EC2C70 /* Cocoa.framework in Frameworks */,
			);
			runOnlyForDeploymentPostprocessing = 0;
		};
		DFD69E31133F9EB800EC2C70 /* Frameworks */ = {
			isa = PBXFrameworksBuildPhase;
			buildActionMask = 2147483647;
			files = (
				DFD69E36133F9EB800EC2C70 /* Cocoa.framework in Frameworks */,
			);
			runOnlyForDeploymentPostprocessing = 0;
		};
/* End PBXFrameworksBuildPhase section */

/* Begin PBXGroup section */
		DFD69E09133F9EB600EC2C70 = {
			isa = PBXGroup;
			children = (
				DFD69E1E133F9EB700EC2C70 /* GeeUnRAR */,
				DFD69E39133F9EB800EC2C70 /* GeeUnRARTests */,
				DFD69E17133F9EB700EC2C70 /* Frameworks */,
				DFD69E15133F9EB700EC2C70 /* Products */,
			);
			sourceTree = "<group>";
		};
		DFD69E15133F9EB700EC2C70 /* Products */ = {
			isa = PBXGroup;
			children = (
				DFD69E14133F9EB700EC2C70 /* GeeUnRAR.app */,
				DFD69E35133F9EB800EC2C70 /* GeeUnRARTests.octest */,
			);
			name = Products;
			sourceTree = "<group>";
		};
		DFD69E17133F9EB700EC2C70 /* Frameworks */ = {
			isa = PBXGroup;
			children = (
				DFD69E18133F9EB700EC2C70 /* Cocoa.framework */,
				DFD69E1A133F9EB700EC2C70 /* Other Frameworks */,
			);
			name = Frameworks;
			sourceTree = "<group>";
		};
		DFD69E1A133F9EB700EC2C70 /* Other Frameworks */ = {
			isa = PBXGroup;
			children = (
				DFD69E1B133F9EB700EC2C70 /* AppKit.framework */,
				DFD69E1C133F9EB700EC2C70 /* CoreData.framework */,
				DFD69E1D133F9EB700EC2C70 /* Foundation.framework */,
			);
			name = "Other Frameworks";
			sourceTree = "<group>";
		};
		DFD69E1E133F9EB700EC2C70 /* GeeUnRAR */ = {
			isa = PBXGroup;
			children = (
				DFD69E2A133F9EB700EC2C70 /* GeeUnRARAppDelegate.h */,
				DFD69E2B133F9EB700EC2C70 /* GeeUnRARAppDelegate.m */,
				DFD69E4C133F9F9E00EC2C70 /* ExtractionWindow.xib */,
				DFD69E50133FB5F600EC2C70 /* ExtractionWindowController.h */,
				DFD69E51133FB5F600EC2C70 /* ExtractionWindowController.m */,
				DFD69E56133FD95000EC2C70 /* MainMenu.xib */,
				DF086F52133FE2B400240683 /* UnRARParsingUtils.h */,
				DF086F53133FE2B400240683 /* UnRARParsingUtils.m */,
				DFD69E1F133F9EB700EC2C70 /* Supporting Files */,
				DFD69E53133FC76500EC2C70 /* Resources */,
			);
			path = GeeUnRAR;
			sourceTree = "<group>";
		};
		DFD69E1F133F9EB700EC2C70 /* Supporting Files */ = {
			isa = PBXGroup;
			children = (
				DFD69E20133F9EB700EC2C70 /* GeeUnRAR-Info.plist */,
				DFD69E21133F9EB700EC2C70 /* InfoPlist.strings */,
				DFD69E24133F9EB700EC2C70 /* GeeUnRAR-Prefix.pch */,
				DFD69E25133F9EB700EC2C70 /* main.m */,
				DFD69E27133F9EB700EC2C70 /* Credits.rtf */,
			);
			name = "Supporting Files";
			sourceTree = "<group>";
		};
		DFD69E39133F9EB800EC2C70 /* GeeUnRARTests */ = {
			isa = PBXGroup;
			children = (
				DFD69E40133F9EB800EC2C70 /* GeeUnRARTests.h */,
				DFD69E42133F9EB800EC2C70 /* GeeUnRARTests.m */,
				DFD69E3A133F9EB800EC2C70 /* Supporting Files */,
			);
			path = GeeUnRARTests;
			sourceTree = "<group>";
		};
		DFD69E3A133F9EB800EC2C70 /* Supporting Files */ = {
			isa = PBXGroup;
			children = (
				DFD69E3B133F9EB800EC2C70 /* GeeUnRARTests-Info.plist */,
				DFD69E3C133F9EB800EC2C70 /* InfoPlist.strings */,
				DFD69E3F133F9EB800EC2C70 /* GeeUnRARTests-Prefix.pch */,
			);
			name = "Supporting Files";
			sourceTree = "<group>";
		};
		DFD69E53133FC76500EC2C70 /* Resources */ = {
			isa = PBXGroup;
			children = (
				DF118D7C13401F0C00435C14 /* unrar.icns */,
				DFD69E54133FC79D00EC2C70 /* unrar */,
			);
			name = Resources;
			sourceTree = "<group>";
		};
/* End PBXGroup section */

/* Begin PBXNativeTarget section */
		DFD69E13133F9EB700EC2C70 /* GeeUnRAR */ = {
			isa = PBXNativeTarget;
			buildConfigurationList = DFD69E46133F9EB800EC2C70 /* Build configuration list for PBXNativeTarget "GeeUnRAR" */;
			buildPhases = (
				DFD69E10133F9EB700EC2C70 /* Sources */,
				DFD69E11133F9EB700EC2C70 /* Frameworks */,
				DFD69E12133F9EB700EC2C70 /* Resources */,
			);
			buildRules = (
			);
			dependencies = (
			);
			name = GeeUnRAR;
			productName = GeeUnRAR;
			productReference = DFD69E14133F9EB700EC2C70 /* GeeUnRAR.app */;
			productType = "com.apple.product-type.application";
		};
		DFD69E34133F9EB800EC2C70 /* GeeUnRARTests */ = {
			isa = PBXNativeTarget;
			buildConfigurationList = DFD69E49133F9EB800EC2C70 /* Build configuration list for PBXNativeTarget "GeeUnRARTests" */;
			buildPhases = (
				DFD69E30133F9EB800EC2C70 /* Sources */,
				DFD69E31133F9EB800EC2C70 /* Frameworks */,
				DFD69E32133F9EB800EC2C70 /* Resources */,
				DFD69E33133F9EB800EC2C70 /* ShellScript */,
			);
			buildRules = (
			);
			dependencies = (
				DFD69E38133F9EB800EC2C70 /* PBXTargetDependency */,
			);
			name = GeeUnRARTests;
			productName = GeeUnRARTests;
			productReference = DFD69E35133F9EB800EC2C70 /* GeeUnRARTests.octest */;
			productType = "com.apple.product-type.bundle";
		};
/* End PBXNativeTarget section */

/* Begin PBXProject section */
		DFD69E0B133F9EB600EC2C70 /* Project object */ = {
			isa = PBXProject;
			buildConfigurationList = DFD69E0E133F9EB600EC2C70 /* Build configuration list for PBXProject "GeeUnRAR" */;
			compatibilityVersion = "Xcode 3.2";
			developmentRegion = English;
			hasScannedForEncodings = 0;
			knownRegions = (
				en,
			);
			mainGroup = DFD69E09133F9EB600EC2C70;
			productRefGroup = DFD69E15133F9EB700EC2C70 /* Products */;
			projectDirPath = "";
			projectRoot = "";
			targets = (
				DFD69E13133F9EB700EC2C70 /* GeeUnRAR */,
				DFD69E34133F9EB800EC2C70 /* GeeUnRARTests */,
			);
		};
/* End PBXProject section */

/* Begin PBXResourcesBuildPhase section */
		DFD69E12133F9EB700EC2C70 /* Resources */ = {
			isa = PBXResourcesBuildPhase;
			buildActionMask = 2147483647;
			files = (
				DFD69E23133F9EB700EC2C70 /* InfoPlist.strings in Resources */,
				DFD69E29133F9EB700EC2C70 /* Credits.rtf in Resources */,
				DFD69E4D133F9F9E00EC2C70 /* ExtractionWindow.xib in Resources */,
				DFD69E55133FC79D00EC2C70 /* unrar in Resources */,
				DFD69E57133FD95000EC2C70 /* MainMenu.xib in Resources */,
				DF118D7D13401F0C00435C14 /* unrar.icns in Resources */,
			);
			runOnlyForDeploymentPostprocessing = 0;
		};
		DFD69E32133F9EB800EC2C70 /* Resources */ = {
			isa = PBXResourcesBuildPhase;
			buildActionMask = 2147483647;
			files = (
				DFD69E3E133F9EB800EC2C70 /* InfoPlist.strings in Resources */,
				DFD69E41133F9EB800EC2C70 /* GeeUnRARTests.h in Resources */,
			);
			runOnlyForDeploymentPostprocessing = 0;
		};
/* End PBXResourcesBuildPhase section */

/* Begin PBXShellScriptBuildPhase section */
		DFD69E33133F9EB800EC2C70 /* ShellScript */ = {
			isa = PBXShellScriptBuildPhase;
			buildActionMask = 2147483647;
			files = (
			);
			inputPaths = (
			);
			outputPaths = (
			);
			runOnlyForDeploymentPostprocessing = 0;
			shellPath = /bin/sh;
			shellScript = "# Run the unit tests in this test bundle.\n\"${SYSTEM_DEVELOPER_DIR}/Tools/RunUnitTests\"\n";
		};
/* End PBXShellScriptBuildPhase section */

/* Begin PBXSourcesBuildPhase section */
		DFD69E10133F9EB700EC2C70 /* Sources */ = {
			isa = PBXSourcesBuildPhase;
			buildActionMask = 2147483647;
			files = (
				DFD69E26133F9EB700EC2C70 /* main.m in Sources */,
				DFD69E2C133F9EB700EC2C70 /* GeeUnRARAppDelegate.m in Sources */,
				DFD69E52133FB5F600EC2C70 /* ExtractionWindowController.m in Sources */,
				DF086F54133FE2B400240683 /* UnRARParsingUtils.m in Sources */,
			);
			runOnlyForDeploymentPostprocessing = 0;
		};
		DFD69E30133F9EB800EC2C70 /* Sources */ = {
			isa = PBXSourcesBuildPhase;
			buildActionMask = 2147483647;
			files = (
				DFD69E43133F9EB800EC2C70 /* GeeUnRARTests.m in Sources */,
			);
			runOnlyForDeploymentPostprocessing = 0;
		};
/* End PBXSourcesBuildPhase section */

/* Begin PBXTargetDependency section */
		DFD69E38133F9EB800EC2C70 /* PBXTargetDependency */ = {
			isa = PBXTargetDependency;
			target = DFD69E13133F9EB700EC2C70 /* GeeUnRAR */;
			targetProxy = DFD69E37133F9EB800EC2C70 /* PBXContainerItemProxy */;
		};
/* End PBXTargetDependency section */

/* Begin PBXVariantGroup section */
		DFD69E21133F9EB700EC2C70 /* InfoPlist.strings */ = {
			isa = PBXVariantGroup;
			children = (
				DFD69E22133F9EB700EC2C70 /* en */,
			);
			name = InfoPlist.strings;
			sourceTree = "<group>";
		};
		DFD69E27133F9EB700EC2C70 /* Credits.rtf */ = {
			isa = PBXVariantGroup;
			children = (
				DFD69E28133F9EB700EC2C70 /* en */,
			);
			name = Credits.rtf;
			sourceTree = "<group>";
		};
		DFD69E3C133F9EB800EC2C70 /* InfoPlist.strings */ = {
			isa = PBXVariantGroup;
			children = (
				DFD69E3D133F9EB800EC2C70 /* en */,
			);
			name = InfoPlist.strings;
			sourceTree = "<group>";
		};
/* End PBXVariantGroup section */

/* Begin XCBuildConfiguration section */
		DFD69E44133F9EB800EC2C70 /* Debug */ = {
			isa = XCBuildConfiguration;
			buildSettings = {
				ARCHS = "$(ARCHS_STANDARD_32_64_BIT)";
				GCC_C_LANGUAGE_STANDARD = gnu99;
				GCC_OPTIMIZATION_LEVEL = 0;
				GCC_PREPROCESSOR_DEFINITIONS = DEBUG;
				GCC_SYMBOLS_PRIVATE_EXTERN = NO;
				GCC_VERSION = com.apple.compilers.llvm.clang.1_0;
				GCC_WARN_64_TO_32_BIT_CONVERSION = YES;
				GCC_WARN_ABOUT_RETURN_TYPE = YES;
				GCC_WARN_UNUSED_VARIABLE = YES;
				MACOSX_DEPLOYMENT_TARGET = 10.7;
				ONLY_ACTIVE_ARCH = YES;
				SDKROOT = macosx;
			};
			name = Debug;
		};
		DFD69E45133F9EB800EC2C70 /* Release */ = {
			isa = XCBuildConfiguration;
			buildSettings = {
				ARCHS = "$(ARCHS_STANDARD_32_64_BIT)";
				GCC_C_LANGUAGE_STANDARD = gnu99;
				GCC_VERSION = com.apple.compilers.llvm.clang.1_0;
				GCC_WARN_64_TO_32_BIT_CONVERSION = YES;
				GCC_WARN_ABOUT_RETURN_TYPE = YES;
				GCC_WARN_UNUSED_VARIABLE = YES;
				MACOSX_DEPLOYMENT_TARGET = 10.7;
				SDKROOT = macosx;
			};
			name = Release;
		};
		DFD69E47133F9EB800EC2C70 /* Debug */ = {
			isa = XCBuildConfiguration;
			buildSettings = {
				ALWAYS_SEARCH_USER_PATHS = NO;
				COPY_PHASE_STRIP = NO;
				GCC_DYNAMIC_NO_PIC = NO;
				GCC_ENABLE_OBJC_EXCEPTIONS = YES;
				GCC_PRECOMPILE_PREFIX_HEADER = YES;
				GCC_PREFIX_HEADER = "GeeUnRAR/GeeUnRAR-Prefix.pch";
				INFOPLIST_FILE = "GeeUnRAR/GeeUnRAR-Info.plist";
				PRODUCT_NAME = "$(TARGET_NAME)";
				WRAPPER_EXTENSION = app;
			};
			name = Debug;
		};
		DFD69E48133F9EB800EC2C70 /* Release */ = {
			isa = XCBuildConfiguration;
			buildSettings = {
				ALWAYS_SEARCH_USER_PATHS = NO;
				COPY_PHASE_STRIP = YES;
				DEBUG_INFORMATION_FORMAT = "dwarf-with-dsym";
				GCC_ENABLE_OBJC_EXCEPTIONS = YES;
				GCC_PRECOMPILE_PREFIX_HEADER = YES;
				GCC_PREFIX_HEADER = "GeeUnRAR/GeeUnRAR-Prefix.pch";
				INFOPLIST_FILE = "GeeUnRAR/GeeUnRAR-Info.plist";
				PRODUCT_NAME = "$(TARGET_NAME)";
				WRAPPER_EXTENSION = app;
			};
			name = Release;
		};
		DFD69E4A133F9EB800EC2C70 /* Debug */ = {
			isa = XCBuildConfiguration;
			buildSettings = {
				ALWAYS_SEARCH_USER_PATHS = NO;
				BUNDLE_LOADER = "$(BUILT_PRODUCTS_DIR)/GeeUnRAR.app/Contents/MacOS/GeeUnRAR";
				COPY_PHASE_STRIP = NO;
				FRAMEWORK_SEARCH_PATHS = "$(DEVELOPER_LIBRARY_DIR)/Frameworks";
				GCC_DYNAMIC_NO_PIC = NO;
				GCC_ENABLE_OBJC_EXCEPTIONS = YES;
				GCC_PRECOMPILE_PREFIX_HEADER = YES;
				GCC_PREFIX_HEADER = "GeeUnRARTests/GeeUnRARTests-Prefix.pch";
				INFOPLIST_FILE = "GeeUnRARTests/GeeUnRARTests-Info.plist";
				OTHER_LDFLAGS = (
					"-framework",
					SenTestingKit,
				);
				PRODUCT_NAME = "$(TARGET_NAME)";
				TEST_HOST = "$(BUNDLE_LOADER)";
				WRAPPER_EXTENSION = octest;
			};
			name = Debug;
		};
		DFD69E4B133F9EB800EC2C70 /* Release */ = {
			isa = XCBuildConfiguration;
			buildSettings = {
				ALWAYS_SEARCH_USER_PATHS = NO;
				BUNDLE_LOADER = "$(BUILT_PRODUCTS_DIR)/GeeUnRAR.app/Contents/MacOS/GeeUnRAR";
				COPY_PHASE_STRIP = YES;
				DEBUG_INFORMATION_FORMAT = "dwarf-with-dsym";
				FRAMEWORK_SEARCH_PATHS = "$(DEVELOPER_LIBRARY_DIR)/Frameworks";
				GCC_ENABLE_OBJC_EXCEPTIONS = YES;
				GCC_PRECOMPILE_PREFIX_HEADER = YES;
				GCC_PREFIX_HEADER = "GeeUnRARTests/GeeUnRARTests-Prefix.pch";
				INFOPLIST_FILE = "GeeUnRARTests/GeeUnRARTests-Info.plist";
				OTHER_LDFLAGS = (
					"-framework",
					SenTestingKit,
				);
				PRODUCT_NAME = "$(TARGET_NAME)";
				TEST_HOST = "$(BUNDLE_LOADER)";
				WRAPPER_EXTENSION = octest;
			};
			name = Release;
		};
/* End XCBuildConfiguration section */

/* Begin XCConfigurationList section */
		DFD69E0E133F9EB600EC2C70 /* Build configuration list for PBXProject "GeeUnRAR" */ = {
			isa = XCConfigurationList;
			buildConfigurations = (
				DFD69E44133F9EB800EC2C70 /* Debug */,
				DFD69E45133F9EB800EC2C70 /* Release */,
			);
			defaultConfigurationIsVisible = 0;
			defaultConfigurationName = Release;
		};
		DFD69E46133F9EB800EC2C70 /* Build configuration list for PBXNativeTarget "GeeUnRAR" */ = {
			isa = XCConfigurationList;
			buildConfigurations = (
				DFD69E47133F9EB800EC2C70 /* Debug */,
				DFD69E48133F9EB800EC2C70 /* Release */,
			);
			defaultConfigurationIsVisible = 0;
			defaultConfigurationName = Release;
		};
		DFD69E49133F9EB800EC2C70 /* Build configuration list for PBXNativeTarget "GeeUnRARTests" */ = {
			isa = XCConfigurationList;
			buildConfigurations = (
				DFD69E4A133F9EB800EC2C70 /* Debug */,
				DFD69E4B133F9EB800EC2C70 /* Release */,
			);
			defaultConfigurationIsVisible = 0;
			defaultConfigurationName = Release;
		};
/* End XCConfigurationList section */
	};
	rootObject = DFD69E0B133F9EB600EC2C70 /* Project object */;
}
